
Microsoft Visual Studio Solution File, Format Version 12.00
# Visual Studio Version 17
VisualStudioVersion = 17.7.34031.279
MinimumVisualStudioVersion = 10.0.40219.1
Project("{FAE04EC0-301F-11D3-BF4B-00C04F79EFBC}") = "WeatherApp", "WeatherApp\WeatherApp.csproj", "{8DC723BB-AE94-42E6-B8EB-BC8A5B7B743A}"
EndProject
Global
	GlobalSection(SolutionConfigurationPlatforms) = preSolution
		Debug|Any CPU = Debug|Any CPU
		Release|Any CPU = Release|Any CPU
	EndGlobalSection
	GlobalSection(ProjectConfigurationPlatforms) = postSolution
		{8DC723BB-AE94-42E6-B8EB-BC8A5B7B743A}.Debug|Any CPU.ActiveCfg = Debug|Any CPU
		{8DC723BB-AE94-42E6-B8EB-BC8A5B7B743A}.Debug|Any CPU.Build.0 = Debug|Any CPU
		{8DC723BB-AE94-42E6-B8EB-BC8A5B7B743A}.Release|Any CPU.ActiveCfg = Release|Any CPU
		{8DC723BB-AE94-42E6-B8EB-BC8A5B7B743A}.Release|Any CPU.Build.0 = Release|Any CPU
	EndGlobalSection
	GlobalSection(SolutionProperties) = preSolution
		HideSolutionNode = FALSE
	EndGlobalSection
	GlobalSection(ExtensibilityGlobals) = postSolution
		SolutionGuid = {50A06CE2-D46E-403C-8973-0C49691A4F6D}
	EndGlobalSection
EndGlobal
